
Microsoft Visual Studio Solution File, Format Version 12.00
# Visual Studio Version 16
VisualStudioVersion = 16.0.31205.134
MinimumVisualStudioVersion = 10.0.40219.1
Project("{FAE04EC0-301F-11D3-BF4B-00C04F79EFBC}") = "PortFolio", "PortFolio\PortFolio.csproj", "{0C5306AA-0B07-4BB4-B338-BBE571759B2E}"
EndProject
Global
	GlobalSection(SolutionConfigurationPlatforms) = preSolution
		Debug|Any CPU = Debug|Any CPU
		Release|Any CPU = Release|Any CPU
	EndGlobalSection
	GlobalSection(ProjectConfigurationPlatforms) = postSolution
		{0C5306AA-0B07-4BB4-B338-BBE571759B2E}.Debug|Any CPU.ActiveCfg = Debug|Any CPU
		{0C5306AA-0B07-4BB4-B338-BBE571759B2E}.Debug|Any CPU.Build.0 = Debug|Any CPU
		{0C5306AA-0B07-4BB4-B338-BBE571759B2E}.Release|Any CPU.ActiveCfg = Release|Any CPU
		{0C5306AA-0B07-4BB4-B338-BBE571759B2E}.Release|Any CPU.Build.0 = Release|Any CPU
	EndGlobalSection
	GlobalSection(SolutionProperties) = preSolution
		HideSolutionNode = FALSE
	EndGlobalSection
	GlobalSection(ExtensibilityGlobals) = postSolution
		SolutionGuid = {8243F280-22F5-4335-8A55-AE4AC168D756}
	EndGlobalSection
EndGlobal
